
Microsoft Visual Studio Solution File, Format Version 12.00
Project("{FAE04EC0-301F-11D3-BF4B-00C04F79EFBC}") = "Dotty.CLI", "src\Dotty.CLI\Dotty.CLI.csproj", "{7A43ABC4-DEA2-4EF1-969D-A6362CB221C7}"
EndProject
Project("{2150E333-8FDC-42A3-9474-1A3956D46DE8}") = "_solution", "_solution", "{1EAF65FE-E5FC-408A-BC37-868C03667A76}"
	ProjectSection(SolutionItems) = preProject
		.github\workflows\build.yml = .github\workflows\build.yml
		.gitignore = .gitignore
		README.md = README.md
		.github\workflows\release.yml = .github\workflows\release.yml
		.dockerignore = .dockerignore
		Dockerfile = Dockerfile
	EndProjectSection
EndProject
Project("{2150E333-8FDC-42A3-9474-1A3956D46DE8}") = "test", "test", "{AE5D96E8-180C-4E9A-99D3-B709B0517EAF}"
EndProject
'
Project("{FAE04EC0-301F-11D3-BF4B-00C04F79EFBC}") = "Dotty.CLI.IntegrationTest", "test\Dotty.CLI.IntegrationTest\Dotty.CLI.IntegrationTest.csproj", "{794E14E8-E350-427E-9AC5-A09DF53239A9}"
EndProject
Project("{2150E333-8FDC-42A3-9474-1A3956D46DE8}") = "src", "src", "{16C94B47-B0AC-465F-AF52-8834503D8B3E}"
EndProject
Project("{FAE04EC0-301F-11D3-BF4B-00C04F79EFBC}") = "Live", "src\Live\Live.csproj", "{8EF0791B-3740-4567-A578-91BDB684BE23}"
EndProject
Global
	GlobalSection(SolutionConfigurationPlatforms) = preSolution
		Debug|Any CPU = Debug|Any CPU
		Release|Any CPU = Release|Any CPU
	EndGlobalSection
	GlobalSection(ProjectConfigurationPlatforms) = postSolution
		{7A43ABC4-DEA2-4EF1-969D-A6362CB221C7}.Debug|Any CPU.ActiveCfg = Debug|Any CPU
		{7A43ABC4-DEA2-4EF1-969D-A6362CB221C7}.Debug|Any CPU.Build.0 = Debug|Any CPU
		{7A43ABC4-DEA2-4EF1-969D-A6362CB221C7}.Release|Any CPU.ActiveCfg = Release|Any CPU
		{7A43ABC4-DEA2-4EF1-969D-A6362CB221C7}.Release|Any CPU.Build.0 = Release|Any CPU
		{794E14E8-E350-427E-9AC5-A09DF53239A9}.Debug|Any CPU.ActiveCfg = Debug|Any CPU
		{794E14E8-E350-427E-9AC5-A09DF53239A9}.Debug|Any CPU.Build.0 = Debug|Any CPU
		{794E14E8-E350-427E-9AC5-A09DF53239A9}.Release|Any CPU.ActiveCfg = Release|Any CPU
		{794E14E8-E350-427E-9AC5-A09DF53239A9}.Release|Any CPU.Build.0 = Release|Any CPU
		{8EF0791B-3740-4567-A578-91BDB684BE23}.Debug|Any CPU.ActiveCfg = Debug|Any CPU
		{8EF0791B-3740-4567-A578-91BDB684BE23}.Debug|Any CPU.Build.0 = Debug|Any CPU
		{8EF0791B-3740-4567-A578-91BDB684BE23}.Release|Any CPU.ActiveCfg = Release|Any CPU
		{8EF0791B-3740-4567-A578-91BDB684BE23}.Release|Any CPU.Build.0 = Release|Any CPU
	EndGlobalSection
	GlobalSection(NestedProjects) = preSolution
		{794E14E8-E350-427E-9AC5-A09DF53239A9} = {AE5D96E8-180C-4E9A-99D3-B709B0517EAF}
		{7A43ABC4-DEA2-4EF1-969D-A6362CB221C7} = {16C94B47-B0AC-465F-AF52-8834503D8B3E}
		{8EF0791B-3740-4567-A578-91BDB684BE23} = {16C94B47-B0AC-465F-AF52-8834503D8B3E}
	EndGlobalSection
EndGlobal
