<Solution>
  <Folder Name="/_solution/">
    <File Path="README.md" />
    <File Path=".gitignore" />
    <File Path="global.json" />
    <File Path=".github\workflows\build.yml" />
    <File Path=".github\workflows\release.yml" />
  </Folder>
  <Project Path="Dotty.CLI\Dotty.CLI.csproj" Type="Classic C#" />
</Solution>