
Microsoft Visual Studio Solution File, Format Version 12.00
Project("{FAE04EC0-301F-11D3-BF4B-00C04F79EFBC}") = "Dotty.CLI", "Dotty.CLI\Dotty.CLI.csproj", "{7A43ABC4-DEA2-4EF1-969D-A6362CB221C7}"
EndProject
Project("{2150E333-8FDC-42A3-9474-1A3956D46DE8}") = "_solution", "_solution", "{1EAF65FE-E5FC-408A-BC37-868C03667A76}"
	ProjectSection(SolutionItems) = preProject
		.github\workflows\build.yml = .github\workflows\build.yml
		.gitignore = .gitignore
		README.md = README.md
		.github\workflows\release.yml = .github\workflows\release.yml
	EndProjectSection
EndProject
Global
	GlobalSection(SolutionConfigurationPlatforms) = preSolution
		Debug|Any CPU = Debug|Any CPU
		Release|Any CPU = Release|Any CPU
	EndGlobalSection
	GlobalSection(ProjectConfigurationPlatforms) = postSolution
		{7A43ABC4-DEA2-4EF1-969D-A6362CB221C7}.Debug|Any CPU.ActiveCfg = Debug|Any CPU
		{7A43ABC4-DEA2-4EF1-969D-A6362CB221C7}.Debug|Any CPU.Build.0 = Debug|Any CPU
		{7A43ABC4-DEA2-4EF1-969D-A6362CB221C7}.Release|Any CPU.ActiveCfg = Release|Any CPU
		{7A43ABC4-DEA2-4EF1-969D-A6362CB221C7}.Release|Any CPU.Build.0 = Release|Any CPU
	EndGlobalSection
EndGlobal
